// !$*UTF8*$!
{
	archiveVersion = 1;
	classes = {
	};
	objectVersion = 50;
	objects = {

/* Begin PBXBuildFile section */
		014B4B9A20A486FB00A60B38 /* Array+InsertionPoint.swift in Sources */ = {isa = PBXBuildFile; fileRef = 014B4B9920A486FB00A60B38 /* Array+InsertionPoint.swift */; };
		019592BA209EDF7800C445FE /* WallpaperCell.swift in Sources */ = {isa = PBXBuildFile; fileRef = 019592B9209EDF7800C445FE /* WallpaperCell.swift */; };
		019592D5209EEC0500C445FE /* Nuke.framework in Frameworks */ = {isa = PBXBuildFile; fileRef = 019592C0209EEC0400C445FE /* Nuke.framework */; };
		019592D6209EEC0500C445FE /* Nuke.framework in Embed Frameworks */ = {isa = PBXBuildFile; fileRef = 019592C0209EEC0400C445FE /* Nuke.framework */; settings = {ATTRIBUTES = (CodeSignOnCopy, RemoveHeadersOnCopy, ); }; };
		019592E8209EEC5300C445FE /* DataLoader.swift in Sources */ = {isa = PBXBuildFile; fileRef = 019592DD209EEC5200C445FE /* DataLoader.swift */; };
		019592E9209EEC5300C445FE /* ImagePipeline.swift in Sources */ = {isa = PBXBuildFile; fileRef = 019592DE209EEC5200C445FE /* ImagePipeline.swift */; };
		019592EA209EEC5300C445FE /* ImagePreheater.swift in Sources */ = {isa = PBXBuildFile; fileRef = 019592DF209EEC5200C445FE /* ImagePreheater.swift */; };
		019592EB209EEC5300C445FE /* Deprecated.swift in Sources */ = {isa = PBXBuildFile; fileRef = 019592E0209EEC5200C445FE /* Deprecated.swift */; };
		019592EC209EEC5300C445FE /* DataCache.swift in Sources */ = {isa = PBXBuildFile; fileRef = 019592E1209EEC5200C445FE /* DataCache.swift */; };
		019592ED209EEC5300C445FE /* ImageProcessing.swift in Sources */ = {isa = PBXBuildFile; fileRef = 019592E2209EEC5200C445FE /* ImageProcessing.swift */; };
		019592EE209EEC5300C445FE /* ImageView.swift in Sources */ = {isa = PBXBuildFile; fileRef = 019592E3209EEC5200C445FE /* ImageView.swift */; };
		019592EF209EEC5300C445FE /* ImageCache.swift in Sources */ = {isa = PBXBuildFile; fileRef = 019592E4209EEC5200C445FE /* ImageCache.swift */; };
		019592F0209EEC5300C445FE /* ImageRequest.swift in Sources */ = {isa = PBXBuildFile; fileRef = 019592E5209EEC5200C445FE /* ImageRequest.swift */; };
		019592F1209EEC5300C445FE /* ImageDecoding.swift in Sources */ = {isa = PBXBuildFile; fileRef = 019592E6209EEC5300C445FE /* ImageDecoding.swift */; };
		019592F2209EEC5300C445FE /* Internal.swift in Sources */ = {isa = PBXBuildFile; fileRef = 019592E7209EEC5300C445FE /* Internal.swift */; };
		019592F6209EFDEF00C445FE /* WallpaperDetailViewController.swift in Sources */ = {isa = PBXBuildFile; fileRef = 019592F5209EFDEF00C445FE /* WallpaperDetailViewController.swift */; };
		019592F8209F009500C445FE /* UIViewController+Alert.swift in Sources */ = {isa = PBXBuildFile; fileRef = 019592F7209F009500C445FE /* UIViewController+Alert.swift */; };
		01A173D2209DF15E003009C5 /* AppDelegate.swift in Sources */ = {isa = PBXBuildFile; fileRef = 01A173D1209DF15E003009C5 /* AppDelegate.swift */; };
		01A173D4209DF15E003009C5 /* WallpaperCollectionViewController.swift in Sources */ = {isa = PBXBuildFile; fileRef = 01A173D3209DF15E003009C5 /* WallpaperCollectionViewController.swift */; };
		01A173D9209DF160003009C5 /* Assets.xcassets in Resources */ = {isa = PBXBuildFile; fileRef = 01A173D8209DF160003009C5 /* Assets.xcassets */; };
		01A173DC209DF160003009C5 /* LaunchScreen.storyboard in Resources */ = {isa = PBXBuildFile; fileRef = 01A173DA209DF160003009C5 /* LaunchScreen.storyboard */; };
		01A173F1209DF1C4003009C5 /* Backend.framework in Frameworks */ = {isa = PBXBuildFile; fileRef = 01A173E8209DF1C3003009C5 /* Backend.framework */; };
		01A173F8209DF1C4003009C5 /* BackendTests.swift in Sources */ = {isa = PBXBuildFile; fileRef = 01A173F7209DF1C4003009C5 /* BackendTests.swift */; };
		01A173FA209DF1C4003009C5 /* Backend.h in Headers */ = {isa = PBXBuildFile; fileRef = 01A173EA209DF1C3003009C5 /* Backend.h */; settings = {ATTRIBUTES = (Public, ); }; };
		01A173FD209DF1C4003009C5 /* Backend.framework in Frameworks */ = {isa = PBXBuildFile; fileRef = 01A173E8209DF1C3003009C5 /* Backend.framework */; };
		01A173FE209DF1C4003009C5 /* Backend.framework in Embed Frameworks */ = {isa = PBXBuildFile; fileRef = 01A173E8209DF1C3003009C5 /* Backend.framework */; settings = {ATTRIBUTES = (CodeSignOnCopy, RemoveHeadersOnCopy, ); }; };
		01A1740C209DF1D6003009C5 /* WallpaperManager.swift in Sources */ = {isa = PBXBuildFile; fileRef = 01A17406209DF1D5003009C5 /* WallpaperManager.swift */; };
		01A1740D209DF1D6003009C5 /* DataStore.xcdatamodeld in Sources */ = {isa = PBXBuildFile; fileRef = 01A17407209DF1D5003009C5 /* DataStore.xcdatamodeld */; };
		01A1740E209DF1D6003009C5 /* Wallpaper+Extension.swift in Sources */ = {isa = PBXBuildFile; fileRef = 01A17409209DF1D5003009C5 /* Wallpaper+Extension.swift */; };
		01A1740F209DF1D6003009C5 /* PersistenceManager.swift in Sources */ = {isa = PBXBuildFile; fileRef = 01A1740A209DF1D5003009C5 /* PersistenceManager.swift */; };
		01A17410209DF1D6003009C5 /* Dictionary+Extension.swift in Sources */ = {isa = PBXBuildFile; fileRef = 01A1740B209DF1D6003009C5 /* Dictionary+Extension.swift */; };
		01A17417209DF610003009C5 /* DataStore.xcdatamodeld in Resources */ = {isa = PBXBuildFile; fileRef = 01A17407209DF1D5003009C5 /* DataStore.xcdatamodeld */; };
		01AC8F6C20A5D86E00369200 /* Notification.Name+MarkStateChanged.swift in Sources */ = {isa = PBXBuildFile; fileRef = 01AC8F6920A5D4F600369200 /* Notification.Name+MarkStateChanged.swift */; };
/* End PBXBuildFile section */

/* Begin PBXContainerItemProxy section */
		019592D3209EEC0500C445FE /* PBXContainerItemProxy */ = {
			isa = PBXContainerItemProxy;
			containerPortal = 01A173C6209DF15E003009C5 /* Project object */;
			proxyType = 1;
			remoteGlobalIDString = 019592BF209EEC0400C445FE;
			remoteInfo = Nuke;
		};
		01A173F2209DF1C4003009C5 /* PBXContainerItemProxy */ = {
			isa = PBXContainerItemProxy;
			containerPortal = 01A173C6209DF15E003009C5 /* Project object */;
			proxyType = 1;
			remoteGlobalIDString = 01A173E7209DF1C3003009C5;
			remoteInfo = Backend;
		};
		01A173F4209DF1C4003009C5 /* PBXContainerItemProxy */ = {
			isa = PBXContainerItemProxy;
			containerPortal = 01A173C6209DF15E003009C5 /* Project object */;
			proxyType = 1;
			remoteGlobalIDString = 01A173CD209DF15E003009C5;
			remoteInfo = "MR Wall";
		};
		01A173FB209DF1C4003009C5 /* PBXContainerItemProxy */ = {
			isa = PBXContainerItemProxy;
			containerPortal = 01A173C6209DF15E003009C5 /* Project object */;
			proxyType = 1;
			remoteGlobalIDString = 01A173E7209DF1C3003009C5;
			remoteInfo = Backend;
		};
/* End PBXContainerItemProxy section */

/* Begin PBXCopyFilesBuildPhase section */
		01A17402209DF1C4003009C5 /* Embed Frameworks */ = {
			isa = PBXCopyFilesBuildPhase;
			buildActionMask = 2147483647;
			dstPath = "";
			dstSubfolderSpec = 10;
			files = (
				01A173FE209DF1C4003009C5 /* Backend.framework in Embed Frameworks */,
				019592D6209EEC0500C445FE /* Nuke.framework in Embed Frameworks */,
			);
			name = "Embed Frameworks";
			runOnlyForDeploymentPostprocessing = 0;
		};
/* End PBXCopyFilesBuildPhase section */

/* Begin PBXFileReference section */
		014B4B9920A486FB00A60B38 /* Array+InsertionPoint.swift */ = {isa = PBXFileReference; lastKnownFileType = sourcecode.swift; path = "Array+InsertionPoint.swift"; sourceTree = "<group>"; };
		019592B9209EDF7800C445FE /* WallpaperCell.swift */ = {isa = PBXFileReference; lastKnownFileType = sourcecode.swift; path = WallpaperCell.swift; sourceTree = "<group>"; };
		019592C0209EEC0400C445FE /* Nuke.framework */ = {isa = PBXFileReference; explicitFileType = wrapper.framework; includeInIndex = 0; path = Nuke.framework; sourceTree = BUILT_PRODUCTS_DIR; };
		019592C3209EEC0400C445FE /* Info.plist */ = {isa = PBXFileReference; lastKnownFileType = text.plist.xml; path = Info.plist; sourceTree = "<group>"; };
		019592DD209EEC5200C445FE /* DataLoader.swift */ = {isa = PBXFileReference; fileEncoding = 4; lastKnownFileType = sourcecode.swift; path = DataLoader.swift; sourceTree = "<group>"; };
		019592DE209EEC5200C445FE /* ImagePipeline.swift */ = {isa = PBXFileReference; fileEncoding = 4; lastKnownFileType = sourcecode.swift; path = ImagePipeline.swift; sourceTree = "<group>"; };
		019592DF209EEC5200C445FE /* ImagePreheater.swift */ = {isa = PBXFileReference; fileEncoding = 4; lastKnownFileType = sourcecode.swift; path = ImagePreheater.swift; sourceTree = "<group>"; };
		019592E0209EEC5200C445FE /* Deprecated.swift */ = {isa = PBXFileReference; fileEncoding = 4; lastKnownFileType = sourcecode.swift; path = Deprecated.swift; sourceTree = "<group>"; };
		019592E1209EEC5200C445FE /* DataCache.swift */ = {isa = PBXFileReference; fileEncoding = 4; lastKnownFileType = sourcecode.swift; path = DataCache.swift; sourceTree = "<group>"; };
		019592E2209EEC5200C445FE /* ImageProcessing.swift */ = {isa = PBXFileReference; fileEncoding = 4; lastKnownFileType = sourcecode.swift; path = ImageProcessing.swift; sourceTree = "<group>"; };
		019592E3209EEC5200C445FE /* ImageView.swift */ = {isa = PBXFileReference; fileEncoding = 4; lastKnownFileType = sourcecode.swift; path = ImageView.swift; sourceTree = "<group>"; };
		019592E4209EEC5200C445FE /* ImageCache.swift */ = {isa = PBXFileReference; fileEncoding = 4; lastKnownFileType = sourcecode.swift; path = ImageCache.swift; sourceTree = "<group>"; };
		019592E5209EEC5200C445FE /* ImageRequest.swift */ = {isa = PBXFileReference; fileEncoding = 4; lastKnownFileType = sourcecode.swift; path = ImageRequest.swift; sourceTree = "<group>"; };
		019592E6209EEC5300C445FE /* ImageDecoding.swift */ = {isa = PBXFileReference; fileEncoding = 4; lastKnownFileType = sourcecode.swift; path = ImageDecoding.swift; sourceTree = "<group>"; };
		019592E7209EEC5300C445FE /* Internal.swift */ = {isa = PBXFileReference; fileEncoding = 4; lastKnownFileType = sourcecode.swift; path = Internal.swift; sourceTree = "<group>"; };
		019592F5209EFDEF00C445FE /* WallpaperDetailViewController.swift */ = {isa = PBXFileReference; lastKnownFileType = sourcecode.swift; path = WallpaperDetailViewController.swift; sourceTree = "<group>"; };
		019592F7209F009500C445FE /* UIViewController+Alert.swift */ = {isa = PBXFileReference; lastKnownFileType = sourcecode.swift; path = "UIViewController+Alert.swift"; sourceTree = "<group>"; };
		01A173CE209DF15E003009C5 /* MR Wall.app */ = {isa = PBXFileReference; explicitFileType = wrapper.application; includeInIndex = 0; path = "MR Wall.app"; sourceTree = BUILT_PRODUCTS_DIR; };
		01A173D1209DF15E003009C5 /* AppDelegate.swift */ = {isa = PBXFileReference; lastKnownFileType = sourcecode.swift; path = AppDelegate.swift; sourceTree = "<group>"; };
		01A173D3209DF15E003009C5 /* WallpaperCollectionViewController.swift */ = {isa = PBXFileReference; lastKnownFileType = sourcecode.swift; path = WallpaperCollectionViewController.swift; sourceTree = "<group>"; };
		01A173D8209DF160003009C5 /* Assets.xcassets */ = {isa = PBXFileReference; lastKnownFileType = folder.assetcatalog; path = Assets.xcassets; sourceTree = "<group>"; };
		01A173DB209DF160003009C5 /* Base */ = {isa = PBXFileReference; lastKnownFileType = file.storyboard; name = Base; path = Base.lproj/LaunchScreen.storyboard; sourceTree = "<group>"; };
		01A173DD209DF160003009C5 /* Info.plist */ = {isa = PBXFileReference; lastKnownFileType = text.plist.xml; path = Info.plist; sourceTree = "<group>"; };
		01A173E8209DF1C3003009C5 /* Backend.framework */ = {isa = PBXFileReference; explicitFileType = wrapper.framework; includeInIndex = 0; path = Backend.framework; sourceTree = BUILT_PRODUCTS_DIR; };
		01A173EA209DF1C3003009C5 /* Backend.h */ = {isa = PBXFileReference; lastKnownFileType = sourcecode.c.h; path = Backend.h; sourceTree = "<group>"; };
		01A173EB209DF1C3003009C5 /* Info.plist */ = {isa = PBXFileReference; lastKnownFileType = text.plist.xml; path = Info.plist; sourceTree = "<group>"; };
		01A173F0209DF1C4003009C5 /* BackendTests.xctest */ = {isa = PBXFileReference; explicitFileType = wrapper.cfbundle; includeInIndex = 0; path = BackendTests.xctest; sourceTree = BUILT_PRODUCTS_DIR; };
		01A173F7209DF1C4003009C5 /* BackendTests.swift */ = {isa = PBXFileReference; lastKnownFileType = sourcecode.swift; path = BackendTests.swift; sourceTree = "<group>"; };
		01A173F9209DF1C4003009C5 /* Info.plist */ = {isa = PBXFileReference; lastKnownFileType = text.plist.xml; path = Info.plist; sourceTree = "<group>"; };
		01A17406209DF1D5003009C5 /* WallpaperManager.swift */ = {isa = PBXFileReference; fileEncoding = 4; lastKnownFileType = sourcecode.swift; path = WallpaperManager.swift; sourceTree = "<group>"; };
		01A17408209DF1D5003009C5 /* StoreData.xcdatamodel */ = {isa = PBXFileReference; lastKnownFileType = wrapper.xcdatamodel; path = StoreData.xcdatamodel; sourceTree = "<group>"; };
		01A17409209DF1D5003009C5 /* Wallpaper+Extension.swift */ = {isa = PBXFileReference; fileEncoding = 4; lastKnownFileType = sourcecode.swift; path = "Wallpaper+Extension.swift"; sourceTree = "<group>"; };
		01A1740A209DF1D5003009C5 /* PersistenceManager.swift */ = {isa = PBXFileReference; fileEncoding = 4; lastKnownFileType = sourcecode.swift; path = PersistenceManager.swift; sourceTree = "<group>"; };
		01A1740B209DF1D6003009C5 /* Dictionary+Extension.swift */ = {isa = PBXFileReference; fileEncoding = 4; lastKnownFileType = sourcecode.swift; path = "Dictionary+Extension.swift"; sourceTree = "<group>"; };
		01AC8F6920A5D4F600369200 /* Notification.Name+MarkStateChanged.swift */ = {isa = PBXFileReference; lastKnownFileType = sourcecode.swift; path = "Notification.Name+MarkStateChanged.swift"; sourceTree = "<group>"; };
/* End PBXFileReference section */

/* Begin PBXFrameworksBuildPhase section */
		019592BC209EEC0400C445FE /* Frameworks */ = {
			isa = PBXFrameworksBuildPhase;
			buildActionMask = 2147483647;
			files = (
			);
			runOnlyForDeploymentPostprocessing = 0;
		};
		01A173CB209DF15E003009C5 /* Frameworks */ = {
			isa = PBXFrameworksBuildPhase;
			buildActionMask = 2147483647;
			files = (
				01A173FD209DF1C4003009C5 /* Backend.framework in Frameworks */,
				019592D5209EEC0500C445FE /* Nuke.framework in Frameworks */,
			);
			runOnlyForDeploymentPostprocessing = 0;
		};
		01A173E4209DF1C3003009C5 /* Frameworks */ = {
			isa = PBXFrameworksBuildPhase;
			buildActionMask = 2147483647;
			files = (
			);
			runOnlyForDeploymentPostprocessing = 0;
		};
		01A173ED209DF1C4003009C5 /* Frameworks */ = {
			isa = PBXFrameworksBuildPhase;
			buildActionMask = 2147483647;
			files = (
				01A173F1209DF1C4003009C5 /* Backend.framework in Frameworks */,
			);
			runOnlyForDeploymentPostprocessing = 0;
		};
/* End PBXFrameworksBuildPhase section */

/* Begin PBXGroup section */
		019592C1209EEC0400C445FE /* Nuke */ = {
			isa = PBXGroup;
			children = (
				019592E1209EEC5200C445FE /* DataCache.swift */,
				019592DD209EEC5200C445FE /* DataLoader.swift */,
				019592E0209EEC5200C445FE /* Deprecated.swift */,
				019592E4209EEC5200C445FE /* ImageCache.swift */,
				019592E6209EEC5300C445FE /* ImageDecoding.swift */,
				019592DE209EEC5200C445FE /* ImagePipeline.swift */,
				019592DF209EEC5200C445FE /* ImagePreheater.swift */,
				019592E2209EEC5200C445FE /* ImageProcessing.swift */,
				019592E5209EEC5200C445FE /* ImageRequest.swift */,
				019592E3209EEC5200C445FE /* ImageView.swift */,
				019592E7209EEC5300C445FE /* Internal.swift */,
				019592C3209EEC0400C445FE /* Info.plist */,
			);
			path = Nuke;
			sourceTree = "<group>";
		};
		01A173C5209DF15E003009C5 = {
			isa = PBXGroup;
			children = (
				01A173D0209DF15E003009C5 /* MR Wall */,
				01A173E9209DF1C3003009C5 /* Backend */,
				01A173F6209DF1C4003009C5 /* BackendTests */,
				019592C1209EEC0400C445FE /* Nuke */,
				01A173CF209DF15E003009C5 /* Products */,
			);
			sourceTree = "<group>";
		};
		01A173CF209DF15E003009C5 /* Products */ = {
			isa = PBXGroup;
			children = (
				01A173CE209DF15E003009C5 /* MR Wall.app */,
				01A173E8209DF1C3003009C5 /* Backend.framework */,
				01A173F0209DF1C4003009C5 /* BackendTests.xctest */,
				019592C0209EEC0400C445FE /* Nuke.framework */,
			);
			name = Products;
			sourceTree = "<group>";
		};
		01A173D0209DF15E003009C5 /* MR Wall */ = {
			isa = PBXGroup;
			children = (
				01A173D1209DF15E003009C5 /* AppDelegate.swift */,
				01A173D3209DF15E003009C5 /* WallpaperCollectionViewController.swift */,
				019592B9209EDF7800C445FE /* WallpaperCell.swift */,
				019592F5209EFDEF00C445FE /* WallpaperDetailViewController.swift */,
				019592F7209F009500C445FE /* UIViewController+Alert.swift */,
				01AC8F6920A5D4F600369200 /* Notification.Name+MarkStateChanged.swift */,
				01A17412209DF1E8003009C5 /* Others */,
			);
			path = "MR Wall";
			sourceTree = "<group>";
		};
		01A173E9209DF1C3003009C5 /* Backend */ = {
			isa = PBXGroup;
			children = (
				01A1740B209DF1D6003009C5 /* Dictionary+Extension.swift */,
				014B4B9920A486FB00A60B38 /* Array+InsertionPoint.swift */,
				01A1740A209DF1D5003009C5 /* PersistenceManager.swift */,
				01A17406209DF1D5003009C5 /* WallpaperManager.swift */,
				01A17409209DF1D5003009C5 /* Wallpaper+Extension.swift */,
				01A17411209DF1DF003009C5 /* Others */,
			);
			path = Backend;
			sourceTree = "<group>";
		};
		01A173F6209DF1C4003009C5 /* BackendTests */ = {
			isa = PBXGroup;
			children = (
				01A173F7209DF1C4003009C5 /* BackendTests.swift */,
				01A173F9209DF1C4003009C5 /* Info.plist */,
			);
			path = BackendTests;
			sourceTree = "<group>";
		};
		01A17411209DF1DF003009C5 /* Others */ = {
			isa = PBXGroup;
			children = (
				01A17407209DF1D5003009C5 /* DataStore.xcdatamodeld */,
				01A173EA209DF1C3003009C5 /* Backend.h */,
				01A173EB209DF1C3003009C5 /* Info.plist */,
			);
			path = Others;
			sourceTree = "<group>";
		};
		01A17412209DF1E8003009C5 /* Others */ = {
			isa = PBXGroup;
			children = (
				01A173D8209DF160003009C5 /* Assets.xcassets */,
				01A173DA209DF160003009C5 /* LaunchScreen.storyboard */,
				01A173DD209DF160003009C5 /* Info.plist */,
			);
			path = Others;
			sourceTree = "<group>";
		};
/* End PBXGroup section */

/* Begin PBXHeadersBuildPhase section */
		019592BD209EEC0400C445FE /* Headers */ = {
			isa = PBXHeadersBuildPhase;
			buildActionMask = 2147483647;
			files = (
			);
			runOnlyForDeploymentPostprocessing = 0;
		};
		01A173E5209DF1C3003009C5 /* Headers */ = {
			isa = PBXHeadersBuildPhase;
			buildActionMask = 2147483647;
			files = (
				01A173FA209DF1C4003009C5 /* Backend.h in Headers */,
			);
			runOnlyForDeploymentPostprocessing = 0;
		};
/* End PBXHeadersBuildPhase section */

/* Begin PBXNativeTarget section */
		019592BF209EEC0400C445FE /* Nuke */ = {
			isa = PBXNativeTarget;
			buildConfigurationList = 019592D7209EEC0500C445FE /* Build configuration list for PBXNativeTarget "Nuke" */;
			buildPhases = (
				019592BB209EEC0400C445FE /* Sources */,
				019592BC209EEC0400C445FE /* Frameworks */,
				019592BD209EEC0400C445FE /* Headers */,
				019592BE209EEC0400C445FE /* Resources */,
			);
			buildRules = (
			);
			dependencies = (
			);
			name = Nuke;
			productName = Nuke;
			productReference = 019592C0209EEC0400C445FE /* Nuke.framework */;
			productType = "com.apple.product-type.framework";
		};
		01A173CD209DF15E003009C5 /* MR Wall */ = {
			isa = PBXNativeTarget;
			buildConfigurationList = 01A173E0209DF160003009C5 /* Build configuration list for PBXNativeTarget "MR Wall" */;
			buildPhases = (
				01A173CA209DF15E003009C5 /* Sources */,
				01A173CB209DF15E003009C5 /* Frameworks */,
				01A173CC209DF15E003009C5 /* Resources */,
				01A17402209DF1C4003009C5 /* Embed Frameworks */,
			);
			buildRules = (
			);
			dependencies = (
				01A173FC209DF1C4003009C5 /* PBXTargetDependency */,
				019592D4209EEC0500C445FE /* PBXTargetDependency */,
			);
			name = "MR Wall";
			productName = "MR Wall";
			productReference = 01A173CE209DF15E003009C5 /* MR Wall.app */;
			productType = "com.apple.product-type.application";
		};
		01A173E7209DF1C3003009C5 /* Backend */ = {
			isa = PBXNativeTarget;
			buildConfigurationList = 01A173FF209DF1C4003009C5 /* Build configuration list for PBXNativeTarget "Backend" */;
			buildPhases = (
				01A173E3209DF1C3003009C5 /* Sources */,
				01A173E4209DF1C3003009C5 /* Frameworks */,
				01A173E5209DF1C3003009C5 /* Headers */,
				01A173E6209DF1C3003009C5 /* Resources */,
			);
			buildRules = (
			);
			dependencies = (
			);
			name = Backend;
			productName = Backend;
			productReference = 01A173E8209DF1C3003009C5 /* Backend.framework */;
			productType = "com.apple.product-type.framework";
		};
		01A173EF209DF1C4003009C5 /* BackendTests */ = {
			isa = PBXNativeTarget;
			buildConfigurationList = 01A17403209DF1C4003009C5 /* Build configuration list for PBXNativeTarget "BackendTests" */;
			buildPhases = (
				01A173EC209DF1C4003009C5 /* Sources */,
				01A173ED209DF1C4003009C5 /* Frameworks */,
				01A173EE209DF1C4003009C5 /* Resources */,
			);
			buildRules = (
			);
			dependencies = (
				01A173F3209DF1C4003009C5 /* PBXTargetDependency */,
				01A173F5209DF1C4003009C5 /* PBXTargetDependency */,
			);
			name = BackendTests;
			productName = BackendTests;
			productReference = 01A173F0209DF1C4003009C5 /* BackendTests.xctest */;
			productType = "com.apple.product-type.bundle.unit-test";
		};
/* End PBXNativeTarget section */

/* Begin PBXProject section */
		01A173C6209DF15E003009C5 /* Project object */ = {
			isa = PBXProject;
			attributes = {
				LastSwiftUpdateCheck = 0940;
				LastUpgradeCheck = 0940;
				ORGANIZATIONNAME = "Chen Zerui";
				TargetAttributes = {
					019592BF209EEC0400C445FE = {
						CreatedOnToolsVersion = 9.4;
						LastSwiftMigration = 0940;
					};
					01A173CD209DF15E003009C5 = {
						CreatedOnToolsVersion = 9.4;
					};
					01A173E7209DF1C3003009C5 = {
						CreatedOnToolsVersion = 9.4;
						LastSwiftMigration = 0940;
					};
					01A173EF209DF1C4003009C5 = {
						CreatedOnToolsVersion = 9.4;
						TestTargetID = 01A173CD209DF15E003009C5;
					};
				};
			};
			buildConfigurationList = 01A173C9209DF15E003009C5 /* Build configuration list for PBXProject "MR Wall" */;
			compatibilityVersion = "Xcode 9.3";
			developmentRegion = en;
			hasScannedForEncodings = 0;
			knownRegions = (
				en,
				Base,
			);
			mainGroup = 01A173C5209DF15E003009C5;
			productRefGroup = 01A173CF209DF15E003009C5 /* Products */;
			projectDirPath = "";
			projectRoot = "";
			targets = (
				01A173CD209DF15E003009C5 /* MR Wall */,
				01A173E7209DF1C3003009C5 /* Backend */,
				01A173EF209DF1C4003009C5 /* BackendTests */,
				019592BF209EEC0400C445FE /* Nuke */,
			);
		};
/* End PBXProject section */

/* Begin PBXResourcesBuildPhase section */
		019592BE209EEC0400C445FE /* Resources */ = {
			isa = PBXResourcesBuildPhase;
			buildActionMask = 2147483647;
			files = (
			);
			runOnlyForDeploymentPostprocessing = 0;
		};
		01A173CC209DF15E003009C5 /* Resources */ = {
			isa = PBXResourcesBuildPhase;
			buildActionMask = 2147483647;
			files = (
				01A17417209DF610003009C5 /* DataStore.xcdatamodeld in Resources */,
				01A173DC209DF160003009C5 /* LaunchScreen.storyboard in Resources */,
				01A173D9209DF160003009C5 /* Assets.xcassets in Resources */,
			);
			runOnlyForDeploymentPostprocessing = 0;
		};
		01A173E6209DF1C3003009C5 /* Resources */ = {
			isa = PBXResourcesBuildPhase;
			buildActionMask = 2147483647;
			files = (
			);
			runOnlyForDeploymentPostprocessing = 0;
		};
		01A173EE209DF1C4003009C5 /* Resources */ = {
			isa = PBXResourcesBuildPhase;
			buildActionMask = 2147483647;
			files = (
			);
			runOnlyForDeploymentPostprocessing = 0;
		};
/* End PBXResourcesBuildPhase section */

/* Begin PBXSourcesBuildPhase section */
		019592BB209EEC0400C445FE /* Sources */ = {
			isa = PBXSourcesBuildPhase;
			buildActionMask = 2147483647;
			files = (
				019592EB209EEC5300C445FE /* Deprecated.swift in Sources */,
				019592EC209EEC5300C445FE /* DataCache.swift in Sources */,
				019592EF209EEC5300C445FE /* ImageCache.swift in Sources */,
				019592ED209EEC5300C445FE /* ImageProcessing.swift in Sources */,
				019592F1209EEC5300C445FE /* ImageDecoding.swift in Sources */,
				019592E8209EEC5300C445FE /* DataLoader.swift in Sources */,
				019592EA209EEC5300C445FE /* ImagePreheater.swift in Sources */,
				019592EE209EEC5300C445FE /* ImageView.swift in Sources */,
				019592F2209EEC5300C445FE /* Internal.swift in Sources */,
				019592F0209EEC5300C445FE /* ImageRequest.swift in Sources */,
				019592E9209EEC5300C445FE /* ImagePipeline.swift in Sources */,
			);
			runOnlyForDeploymentPostprocessing = 0;
		};
		01A173CA209DF15E003009C5 /* Sources */ = {
			isa = PBXSourcesBuildPhase;
			buildActionMask = 2147483647;
			files = (
				019592F8209F009500C445FE /* UIViewController+Alert.swift in Sources */,
				019592F6209EFDEF00C445FE /* WallpaperDetailViewController.swift in Sources */,
				01AC8F6C20A5D86E00369200 /* Notification.Name+MarkStateChanged.swift in Sources */,
				01A173D4209DF15E003009C5 /* WallpaperCollectionViewController.swift in Sources */,
				019592BA209EDF7800C445FE /* WallpaperCell.swift in Sources */,
				01A173D2209DF15E003009C5 /* AppDelegate.swift in Sources */,
			);
			runOnlyForDeploymentPostprocessing = 0;
		};
		01A173E3209DF1C3003009C5 /* Sources */ = {
			isa = PBXSourcesBuildPhase;
			buildActionMask = 2147483647;
			files = (
				014B4B9A20A486FB00A60B38 /* Array+InsertionPoint.swift in Sources */,
				01A1740C209DF1D6003009C5 /* WallpaperManager.swift in Sources */,
				01A1740E209DF1D6003009C5 /* Wallpaper+Extension.swift in Sources */,
				01A1740D209DF1D6003009C5 /* DataStore.xcdatamodeld in Sources */,
				01A1740F209DF1D6003009C5 /* PersistenceManager.swift in Sources */,
				01A17410209DF1D6003009C5 /* Dictionary+Extension.swift in Sources */,
			);
			runOnlyForDeploymentPostprocessing = 0;
		};
		01A173EC209DF1C4003009C5 /* Sources */ = {
			isa = PBXSourcesBuildPhase;
			buildActionMask = 2147483647;
			files = (
				01A173F8209DF1C4003009C5 /* BackendTests.swift in Sources */,
			);
			runOnlyForDeploymentPostprocessing = 0;
		};
/* End PBXSourcesBuildPhase section */

/* Begin PBXTargetDependency section */
		019592D4209EEC0500C445FE /* PBXTargetDependency */ = {
			isa = PBXTargetDependency;
			target = 019592BF209EEC0400C445FE /* Nuke */;
			targetProxy = 019592D3209EEC0500C445FE /* PBXContainerItemProxy */;
		};
		01A173F3209DF1C4003009C5 /* PBXTargetDependency */ = {
			isa = PBXTargetDependency;
			target = 01A173E7209DF1C3003009C5 /* Backend */;
			targetProxy = 01A173F2209DF1C4003009C5 /* PBXContainerItemProxy */;
		};
		01A173F5209DF1C4003009C5 /* PBXTargetDependency */ = {
			isa = PBXTargetDependency;
			target = 01A173CD209DF15E003009C5 /* MR Wall */;
			targetProxy = 01A173F4209DF1C4003009C5 /* PBXContainerItemProxy */;
		};
		01A173FC209DF1C4003009C5 /* PBXTargetDependency */ = {
			isa = PBXTargetDependency;
			target = 01A173E7209DF1C3003009C5 /* Backend */;
			targetProxy = 01A173FB209DF1C4003009C5 /* PBXContainerItemProxy */;
		};
/* End PBXTargetDependency section */

/* Begin PBXVariantGroup section */
		01A173DA209DF160003009C5 /* LaunchScreen.storyboard */ = {
			isa = PBXVariantGroup;
			children = (
				01A173DB209DF160003009C5 /* Base */,
			);
			name = LaunchScreen.storyboard;
			sourceTree = "<group>";
		};
/* End PBXVariantGroup section */

/* Begin XCBuildConfiguration section */
		019592D8209EEC0500C445FE /* Debug */ = {
			isa = XCBuildConfiguration;
			buildSettings = {
				CLANG_ENABLE_MODULES = YES;
				CODE_SIGN_IDENTITY = "";
				CODE_SIGN_STYLE = Automatic;
				CURRENT_PROJECT_VERSION = 1;
				DEFINES_MODULE = YES;
				DEVELOPMENT_TEAM = 789MW96BQB;
				DYLIB_COMPATIBILITY_VERSION = 1;
				DYLIB_CURRENT_VERSION = 1;
				DYLIB_INSTALL_NAME_BASE = "@rpath";
				INFOPLIST_FILE = Nuke/Info.plist;
				INSTALL_PATH = "$(LOCAL_LIBRARY_DIR)/Frameworks";
				IPHONEOS_DEPLOYMENT_TARGET = 11.0;
				LD_RUNPATH_SEARCH_PATHS = (
					"$(inherited)",
					"@executable_path/Frameworks",
					"@loader_path/Frameworks",
				);
				PRODUCT_BUNDLE_IDENTIFIER = com.Zerui.Nuke;
				PRODUCT_NAME = "$(TARGET_NAME:c99extidentifier)";
				SKIP_INSTALL = YES;
				SWIFT_OBJC_BRIDGING_HEADER = "";
				SWIFT_OPTIMIZATION_LEVEL = "-Onone";
				SWIFT_VERSION = 4.0;
				TARGETED_DEVICE_FAMILY = "1,2";
				VERSIONING_SYSTEM = "apple-generic";
				VERSION_INFO_PREFIX = "";
			};
			name = Debug;
		};
		019592D9209EEC0500C445FE /* Release */ = {
			isa = XCBuildConfiguration;
			buildSettings = {
				CLANG_ENABLE_MODULES = YES;
				CODE_SIGN_IDENTITY = "";
				CODE_SIGN_STYLE = Automatic;
				CURRENT_PROJECT_VERSION = 1;
				DEFINES_MODULE = YES;
				DEVELOPMENT_TEAM = 789MW96BQB;
				DYLIB_COMPATIBILITY_VERSION = 1;
				DYLIB_CURRENT_VERSION = 1;
				DYLIB_INSTALL_NAME_BASE = "@rpath";
				INFOPLIST_FILE = Nuke/Info.plist;
				INSTALL_PATH = "$(LOCAL_LIBRARY_DIR)/Frameworks";
				IPHONEOS_DEPLOYMENT_TARGET = 11.0;
				LD_RUNPATH_SEARCH_PATHS = (
					"$(inherited)",
					"@executable_path/Frameworks",
					"@loader_path/Frameworks",
				);
				PRODUCT_BUNDLE_IDENTIFIER = com.Zerui.Nuke;
				PRODUCT_NAME = "$(TARGET_NAME:c99extidentifier)";
				SKIP_INSTALL = YES;
				SWIFT_OBJC_BRIDGING_HEADER = "";
				SWIFT_VERSION = 4.0;
				TARGETED_DEVICE_FAMILY = "1,2";
				VERSIONING_SYSTEM = "apple-generic";
				VERSION_INFO_PREFIX = "";
			};
			name = Release;
		};
		01A173DE209DF160003009C5 /* Debug */ = {
			isa = XCBuildConfiguration;
			buildSettings = {
				ALWAYS_SEARCH_USER_PATHS = NO;
				CLANG_ANALYZER_NONNULL = YES;
				CLANG_ANALYZER_NUMBER_OBJECT_CONVERSION = YES_AGGRESSIVE;
				CLANG_CXX_LANGUAGE_STANDARD = "gnu++14";
				CLANG_CXX_LIBRARY = "libc++";
				CLANG_ENABLE_MODULES = YES;
				CLANG_ENABLE_OBJC_ARC = YES;
				CLANG_ENABLE_OBJC_WEAK = YES;
				CLANG_WARN_BLOCK_CAPTURE_AUTORELEASING = YES;
				CLANG_WARN_BOOL_CONVERSION = YES;
				CLANG_WARN_COMMA = YES;
				CLANG_WARN_CONSTANT_CONVERSION = YES;
				CLANG_WARN_DEPRECATED_OBJC_IMPLEMENTATIONS = YES;
				CLANG_WARN_DIRECT_OBJC_ISA_USAGE = YES_ERROR;
				CLANG_WARN_DOCUMENTATION_COMMENTS = YES;
				CLANG_WARN_EMPTY_BODY = YES;
				CLANG_WARN_ENUM_CONVERSION = YES;
				CLANG_WARN_INFINITE_RECURSION = YES;
				CLANG_WARN_INT_CONVERSION = YES;
				CLANG_WARN_NON_LITERAL_NULL_CONVERSION = YES;
				CLANG_WARN_OBJC_IMPLICIT_RETAIN_SELF = YES;
				CLANG_WARN_OBJC_LITERAL_CONVERSION = YES;
				CLANG_WARN_OBJC_ROOT_CLASS = YES_ERROR;
				CLANG_WARN_RANGE_LOOP_ANALYSIS = YES;
				CLANG_WARN_STRICT_PROTOTYPES = YES;
				CLANG_WARN_SUSPICIOUS_MOVE = YES;
				CLANG_WARN_UNGUARDED_AVAILABILITY = YES_AGGRESSIVE;
				CLANG_WARN_UNREACHABLE_CODE = YES;
				CLANG_WARN__DUPLICATE_METHOD_MATCH = YES;
				CODE_SIGN_IDENTITY = "iPhone Developer";
				COPY_PHASE_STRIP = NO;
				DEBUG_INFORMATION_FORMAT = dwarf;
				ENABLE_STRICT_OBJC_MSGSEND = YES;
				ENABLE_TESTABILITY = YES;
				GCC_C_LANGUAGE_STANDARD = gnu11;
				GCC_DYNAMIC_NO_PIC = NO;
				GCC_NO_COMMON_BLOCKS = YES;
				GCC_OPTIMIZATION_LEVEL = 0;
				GCC_PREPROCESSOR_DEFINITIONS = (
					"DEBUG=1",
					"$(inherited)",
				);
				GCC_WARN_64_TO_32_BIT_CONVERSION = YES;
				GCC_WARN_ABOUT_RETURN_TYPE = YES_ERROR;
				GCC_WARN_UNDECLARED_SELECTOR = YES;
				GCC_WARN_UNINITIALIZED_AUTOS = YES_AGGRESSIVE;
				GCC_WARN_UNUSED_FUNCTION = YES;
				GCC_WARN_UNUSED_VARIABLE = YES;
				IPHONEOS_DEPLOYMENT_TARGET = 11.4;
				MTL_ENABLE_DEBUG_INFO = YES;
				ONLY_ACTIVE_ARCH = YES;
				SDKROOT = iphoneos;
				SWIFT_ACTIVE_COMPILATION_CONDITIONS = DEBUG;
				SWIFT_OPTIMIZATION_LEVEL = "-Onone";
			};
			name = Debug;
		};
		01A173DF209DF160003009C5 /* Release */ = {
			isa = XCBuildConfiguration;
			buildSettings = {
				ALWAYS_SEARCH_USER_PATHS = NO;
				CLANG_ANALYZER_NONNULL = YES;
				CLANG_ANALYZER_NUMBER_OBJECT_CONVERSION = YES_AGGRESSIVE;
				CLANG_CXX_LANGUAGE_STANDARD = "gnu++14";
				CLANG_CXX_LIBRARY = "libc++";
				CLANG_ENABLE_MODULES = YES;
				CLANG_ENABLE_OBJC_ARC = YES;
				CLANG_ENABLE_OBJC_WEAK = YES;
				CLANG_WARN_BLOCK_CAPTURE_AUTORELEASING = YES;
				CLANG_WARN_BOOL_CONVERSION = YES;
				CLANG_WARN_COMMA = YES;
				CLANG_WARN_CONSTANT_CONVERSION = YES;
				CLANG_WARN_DEPRECATED_OBJC_IMPLEMENTATIONS = YES;
				CLANG_WARN_DIRECT_OBJC_ISA_USAGE = YES_ERROR;
				CLANG_WARN_DOCUMENTATION_COMMENTS = YES;
				CLANG_WARN_EMPTY_BODY = YES;
				CLANG_WARN_ENUM_CONVERSION = YES;
				CLANG_WARN_INFINITE_RECURSION = YES;
				CLANG_WARN_INT_CONVERSION = YES;
				CLANG_WARN_NON_LITERAL_NULL_CONVERSION = YES;
				CLANG_WARN_OBJC_IMPLICIT_RETAIN_SELF = YES;
				CLANG_WARN_OBJC_LITERAL_CONVERSION = YES;
				CLANG_WARN_OBJC_ROOT_CLASS = YES_ERROR;
				CLANG_WARN_RANGE_LOOP_ANALYSIS = YES;
				CLANG_WARN_STRICT_PROTOTYPES = YES;
				CLANG_WARN_SUSPICIOUS_MOVE = YES;
				CLANG_WARN_UNGUARDED_AVAILABILITY = YES_AGGRESSIVE;
				CLANG_WARN_UNREACHABLE_CODE = YES;
				CLANG_WARN__DUPLICATE_METHOD_MATCH = YES;
				CODE_SIGN_IDENTITY = "iPhone Developer";
				COPY_PHASE_STRIP = NO;
				DEBUG_INFORMATION_FORMAT = "dwarf-with-dsym";
				ENABLE_NS_ASSERTIONS = NO;
				ENABLE_STRICT_OBJC_MSGSEND = YES;
				GCC_C_LANGUAGE_STANDARD = gnu11;
				GCC_NO_COMMON_BLOCKS = YES;
				GCC_WARN_64_TO_32_BIT_CONVERSION = YES;
				GCC_WARN_ABOUT_RETURN_TYPE = YES_ERROR;
				GCC_WARN_UNDECLARED_SELECTOR = YES;
				GCC_WARN_UNINITIALIZED_AUTOS = YES_AGGRESSIVE;
				GCC_WARN_UNUSED_FUNCTION = YES;
				GCC_WARN_UNUSED_VARIABLE = YES;
				IPHONEOS_DEPLOYMENT_TARGET = 11.4;
				MTL_ENABLE_DEBUG_INFO = NO;
				SDKROOT = iphoneos;
				SWIFT_COMPILATION_MODE = wholemodule;
				SWIFT_OPTIMIZATION_LEVEL = "-O";
				VALIDATE_PRODUCT = YES;
			};
			name = Release;
		};
		01A173E1209DF160003009C5 /* Debug */ = {
			isa = XCBuildConfiguration;
			buildSettings = {
				ALWAYS_EMBED_SWIFT_STANDARD_LIBRARIES = YES;
				ASSETCATALOG_COMPILER_APPICON_NAME = AppIcon;
				CODE_SIGN_STYLE = Automatic;
				DEVELOPMENT_TEAM = 789MW96BQB;
				INFOPLIST_FILE = "$(SRCROOT)/MR Wall/Others/Info.plist";
				IPHONEOS_DEPLOYMENT_TARGET = 11.0;
				LD_RUNPATH_SEARCH_PATHS = (
					"$(inherited)",
					"@executable_path/Frameworks",
				);
				PRODUCT_BUNDLE_IDENTIFIER = "com.Zerui.MR-Wall";
				PRODUCT_NAME = "$(TARGET_NAME)";
				SWIFT_VERSION = 4.0;
				TARGETED_DEVICE_FAMILY = "1,2";
			};
			name = Debug;
		};
		01A173E2209DF160003009C5 /* Release */ = {
			isa = XCBuildConfiguration;
			buildSettings = {
				ALWAYS_EMBED_SWIFT_STANDARD_LIBRARIES = YES;
				ASSETCATALOG_COMPILER_APPICON_NAME = AppIcon;
				CODE_SIGN_STYLE = Automatic;
				DEVELOPMENT_TEAM = 789MW96BQB;
				INFOPLIST_FILE = "$(SRCROOT)/MR Wall/Others/Info.plist";
				IPHONEOS_DEPLOYMENT_TARGET = 11.0;
				LD_RUNPATH_SEARCH_PATHS = (
					"$(inherited)",
					"@executable_path/Frameworks",
				);
				PRODUCT_BUNDLE_IDENTIFIER = "com.Zerui.MR-Wall";
				PRODUCT_NAME = "$(TARGET_NAME)";
				SWIFT_VERSION = 4.0;
				TARGETED_DEVICE_FAMILY = "1,2";
			};
			name = Release;
		};
		01A17400209DF1C4003009C5 /* Debug */ = {
			isa = XCBuildConfiguration;
			buildSettings = {
				CLANG_ENABLE_MODULES = YES;
				CODE_SIGN_IDENTITY = "";
				CODE_SIGN_STYLE = Automatic;
				CURRENT_PROJECT_VERSION = 1;
				DEFINES_MODULE = YES;
				DEVELOPMENT_TEAM = 789MW96BQB;
				DYLIB_COMPATIBILITY_VERSION = 1;
				DYLIB_CURRENT_VERSION = 1;
				DYLIB_INSTALL_NAME_BASE = "@rpath";
				INFOPLIST_FILE = "$(SRCROOT)/Backend/Others/Info.plist";
				INSTALL_PATH = "$(LOCAL_LIBRARY_DIR)/Frameworks";
				IPHONEOS_DEPLOYMENT_TARGET = 11.0;
				LD_RUNPATH_SEARCH_PATHS = (
					"$(inherited)",
					"@executable_path/Frameworks",
					"@loader_path/Frameworks",
				);
				PRODUCT_BUNDLE_IDENTIFIER = com.Zerui.Backend;
				PRODUCT_NAME = "$(TARGET_NAME:c99extidentifier)";
				SKIP_INSTALL = YES;
				SWIFT_OPTIMIZATION_LEVEL = "-Onone";
				SWIFT_VERSION = 4.0;
				TARGETED_DEVICE_FAMILY = "1,2";
				VERSIONING_SYSTEM = "apple-generic";
				VERSION_INFO_PREFIX = "";
			};
			name = Debug;
		};
		01A17401209DF1C4003009C5 /* Release */ = {
			isa = XCBuildConfiguration;
			buildSettings = {
				CLANG_ENABLE_MODULES = YES;
				CODE_SIGN_IDENTITY = "";
				CODE_SIGN_STYLE = Automatic;
				CURRENT_PROJECT_VERSION = 1;
				DEFINES_MODULE = YES;
				DEVELOPMENT_TEAM = 789MW96BQB;
				DYLIB_COMPATIBILITY_VERSION = 1;
				DYLIB_CURRENT_VERSION = 1;
				DYLIB_INSTALL_NAME_BASE = "@rpath";
				INFOPLIST_FILE = "$(SRCROOT)/Backend/Others/Info.plist";
				INSTALL_PATH = "$(LOCAL_LIBRARY_DIR)/Frameworks";
				IPHONEOS_DEPLOYMENT_TARGET = 11.0;
				LD_RUNPATH_SEARCH_PATHS = (
					"$(inherited)",
					"@executable_path/Frameworks",
					"@loader_path/Frameworks",
				);
				PRODUCT_BUNDLE_IDENTIFIER = com.Zerui.Backend;
				PRODUCT_NAME = "$(TARGET_NAME:c99extidentifier)";
				SKIP_INSTALL = YES;
				SWIFT_VERSION = 4.0;
				TARGETED_DEVICE_FAMILY = "1,2";
				VERSIONING_SYSTEM = "apple-generic";
				VERSION_INFO_PREFIX = "";
			};
			name = Release;
		};
		01A17404209DF1C4003009C5 /* Debug */ = {
			isa = XCBuildConfiguration;
			buildSettings = {
				ALWAYS_EMBED_SWIFT_STANDARD_LIBRARIES = YES;
				CODE_SIGN_STYLE = Automatic;
				DEVELOPMENT_TEAM = 789MW96BQB;
				INFOPLIST_FILE = BackendTests/Info.plist;
				LD_RUNPATH_SEARCH_PATHS = (
					"$(inherited)",
					"@executable_path/Frameworks",
					"@loader_path/Frameworks",
				);
				PRODUCT_BUNDLE_IDENTIFIER = com.Zerui.BackendTests;
				PRODUCT_NAME = "$(TARGET_NAME)";
				SWIFT_VERSION = 4.0;
				TARGETED_DEVICE_FAMILY = "1,2";
				TEST_HOST = "$(BUILT_PRODUCTS_DIR)/MR Wall.app/MR Wall";
			};
			name = Debug;
		};
		01A17405209DF1C4003009C5 /* Release */ = {
			isa = XCBuildConfiguration;
			buildSettings = {
				ALWAYS_EMBED_SWIFT_STANDARD_LIBRARIES = YES;
				CODE_SIGN_STYLE = Automatic;
				DEVELOPMENT_TEAM = 789MW96BQB;
				INFOPLIST_FILE = BackendTests/Info.plist;
				LD_RUNPATH_SEARCH_PATHS = (
					"$(inherited)",
					"@executable_path/Frameworks",
					"@loader_path/Frameworks",
				);
				PRODUCT_BUNDLE_IDENTIFIER = com.Zerui.BackendTests;
				PRODUCT_NAME = "$(TARGET_NAME)";
				SWIFT_VERSION = 4.0;
				TARGETED_DEVICE_FAMILY = "1,2";
				TEST_HOST = "$(BUILT_PRODUCTS_DIR)/MR Wall.app/MR Wall";
			};
			name = Release;
		};
/* End XCBuildConfiguration section */

/* Begin XCConfigurationList section */
		019592D7209EEC0500C445FE /* Build configuration list for PBXNativeTarget "Nuke" */ = {
			isa = XCConfigurationList;
			buildConfigurations = (
				019592D8209EEC0500C445FE /* Debug */,
				019592D9209EEC0500C445FE /* Release */,
			);
			defaultConfigurationIsVisible = 0;
			defaultConfigurationName = Release;
		};
		01A173C9209DF15E003009C5 /* Build configuration list for PBXProject "MR Wall" */ = {
			isa = XCConfigurationList;
			buildConfigurations = (
				01A173DE209DF160003009C5 /* Debug */,
				01A173DF209DF160003009C5 /* Release */,
			);
			defaultConfigurationIsVisible = 0;
			defaultConfigurationName = Release;
		};
		01A173E0209DF160003009C5 /* Build configuration list for PBXNativeTarget "MR Wall" */ = {
			isa = XCConfigurationList;
			buildConfigurations = (
				01A173E1209DF160003009C5 /* Debug */,
				01A173E2209DF160003009C5 /* Release */,
			);
			defaultConfigurationIsVisible = 0;
			defaultConfigurationName = Release;
		};
		01A173FF209DF1C4003009C5 /* Build configuration list for PBXNativeTarget "Backend" */ = {
			isa = XCConfigurationList;
			buildConfigurations = (
				01A17400209DF1C4003009C5 /* Debug */,
				01A17401209DF1C4003009C5 /* Release */,
			);
			defaultConfigurationIsVisible = 0;
			defaultConfigurationName = Release;
		};
		01A17403209DF1C4003009C5 /* Build configuration list for PBXNativeTarget "BackendTests" */ = {
			isa = XCConfigurationList;
			buildConfigurations = (
				01A17404209DF1C4003009C5 /* Debug */,
				01A17405209DF1C4003009C5 /* Release */,
			);
			defaultConfigurationIsVisible = 0;
			defaultConfigurationName = Release;
		};
/* End XCConfigurationList section */

/* Begin XCVersionGroup section */
		01A17407209DF1D5003009C5 /* DataStore.xcdatamodeld */ = {
			isa = XCVersionGroup;
			children = (
				01A17408209DF1D5003009C5 /* StoreData.xcdatamodel */,
			);
			currentVersion = 01A17408209DF1D5003009C5 /* StoreData.xcdatamodel */;
			path = DataStore.xcdatamodeld;
			sourceTree = "<group>";
			versionGroupType = wrapper.xcdatamodel;
		};
/* End XCVersionGroup section */
	};
	rootObject = 01A173C6209DF15E003009C5 /* Project object */;
}
